
Microsoft Visual Studio Solution File, Format Version 12.00
# Visual Studio Version 16
VisualStudioVersion = 16.0.30709.132
MinimumVisualStudioVersion = 10.0.40219.1
Project("{FAE04EC0-301F-11D3-BF4B-00C04F79EFBC}") = "EnterprisePortal", "EnterprisePortal\EnterprisePortal.csproj", "{E10AB318-DC1C-4146-8A68-1BD70AD12E5A}"
EndProject
Global
	GlobalSection(SolutionConfigurationPlatforms) = preSolution
		Debug|Any CPU = Debug|Any CPU
		Release|Any CPU = Release|Any CPU
	EndGlobalSection
	GlobalSection(ProjectConfigurationPlatforms) = postSolution
		{E10AB318-DC1C-4146-8A68-1BD70AD12E5A}.Debug|Any CPU.ActiveCfg = Debug|Any CPU
		{E10AB318-DC1C-4146-8A68-1BD70AD12E5A}.Debug|Any CPU.Build.0 = Debug|Any CPU
		{E10AB318-DC1C-4146-8A68-1BD70AD12E5A}.Release|Any CPU.ActiveCfg = Release|Any CPU
		{E10AB318-DC1C-4146-8A68-1BD70AD12E5A}.Release|Any CPU.Build.0 = Release|Any CPU
	EndGlobalSection
	GlobalSection(SolutionProperties) = preSolution
		HideSolutionNode = FALSE
	EndGlobalSection
	GlobalSection(ExtensibilityGlobals) = postSolution
		SolutionGuid = {3DD8FAAA-3768-48BF-A1C1-32824CF75F3D}
	EndGlobalSection
EndGlobal
